
Microsoft Visual Studio Solution File, Format Version 12.00
# Visual Studio Version 17
VisualStudioVersion = 17.14.36623.8 d17.14
MinimumVisualStudioVersion = 10.0.40219.1
Project("{FAE04EC0-301F-11D3-BF4B-00C04F79EFBC}") = "TM.SecureApiKit", "TM.SecureApiKit\TM.SecureApiKit.csproj", "{2040A56B-048A-4603-AED8-DA02D177A20C}"
EndProject
Global
	GlobalSection(SolutionConfigurationPlatforms) = preSolution
		Debug|Any CPU = Debug|Any CPU
		Release|Any CPU = Release|Any CPU
	EndGlobalSection
	GlobalSection(ProjectConfigurationPlatforms) = postSolution
		{2040A56B-048A-4603-AED8-DA02D177A20C}.Debug|Any CPU.ActiveCfg = Debug|Any CPU
		{2040A56B-048A-4603-AED8-DA02D177A20C}.Debug|Any CPU.Build.0 = Debug|Any CPU
		{2040A56B-048A-4603-AED8-DA02D177A20C}.Release|Any CPU.ActiveCfg = Release|Any CPU
		{2040A56B-048A-4603-AED8-DA02D177A20C}.Release|Any CPU.Build.0 = Release|Any CPU
	EndGlobalSection
	GlobalSection(SolutionProperties) = preSolution
		HideSolutionNode = FALSE
	EndGlobalSection
	GlobalSection(ExtensibilityGlobals) = postSolution
		SolutionGuid = {1734CD38-1AED-4A86-9DF0-11E9C70F3629}
	EndGlobalSection
EndGlobal
